// !$*UTF8*$!
{
	archiveVersion = 1;
	classes = {
	};
	objectVersion = 46;
	objects = {

/* Begin PBXBuildFile section */
		F400E19C1A89B5AE00DFB51C /* ImageDownload.m in Sources */ = {isa = PBXBuildFile; fileRef = F400E19B1A89B5AE00DFB51C /* ImageDownload.m */; };
		F400E19E1A89F59E00DFB51C /* MapKit.framework in Frameworks */ = {isa = PBXBuildFile; fileRef = F400E19D1A89F59E00DFB51C /* MapKit.framework */; };
		F404E7831A82F64500C79F55 /* ValidateTextField.m in Sources */ = {isa = PBXBuildFile; fileRef = F404E7821A82F64500C79F55 /* ValidateTextField.m */; };
		F404E7861A83427800C79F55 /* HomeViewController.m in Sources */ = {isa = PBXBuildFile; fileRef = F404E7851A83427800C79F55 /* HomeViewController.m */; };
		F404E7901A835CE600C79F55 /* CustomSearchBarCell.m in Sources */ = {isa = PBXBuildFile; fileRef = F404E78F1A835CE600C79F55 /* CustomSearchBarCell.m */; };
		F404E7961A83605F00C79F55 /* ScheduleViewController.m in Sources */ = {isa = PBXBuildFile; fileRef = F404E7951A83605F00C79F55 /* ScheduleViewController.m */; };
		F404E7991A83607800C79F55 /* PlaceListViewController.m in Sources */ = {isa = PBXBuildFile; fileRef = F404E7981A83607800C79F55 /* PlaceListViewController.m */; };
		F404E79C1A83609900C79F55 /* AdvanceSearchViewController.m in Sources */ = {isa = PBXBuildFile; fileRef = F404E79B1A83609900C79F55 /* AdvanceSearchViewController.m */; };
		F404E79F1A8360AC00C79F55 /* OptionViewController.m in Sources */ = {isa = PBXBuildFile; fileRef = F404E79E1A8360AC00C79F55 /* OptionViewController.m */; };
		F40F9A6C1A885DF700E15761 /* CustomPlaceCell.m in Sources */ = {isa = PBXBuildFile; fileRef = F40F9A6A1A885DF700E15761 /* CustomPlaceCell.m */; };
		F40F9A6D1A885DF700E15761 /* PlaceCell.xib in Resources */ = {isa = PBXBuildFile; fileRef = F40F9A6B1A885DF700E15761 /* PlaceCell.xib */; };
		F40F9A701A885E6F00E15761 /* PlaceDetailViewController.m in Sources */ = {isa = PBXBuildFile; fileRef = F40F9A6F1A885E6F00E15761 /* PlaceDetailViewController.m */; };
		F41B243E1A82106A00068E92 /* CustomInputAccessoryView.m in Sources */ = {isa = PBXBuildFile; fileRef = F41B243D1A82106A00068E92 /* CustomInputAccessoryView.m */; };
		F41B24401A82107600068E92 /* CustomInputAccessoryView.xib in Resources */ = {isa = PBXBuildFile; fileRef = F41B243F1A82107600068E92 /* CustomInputAccessoryView.xib */; };
		F476DEEC1A7F752900B9501D /* SignUpViewController.m in Sources */ = {isa = PBXBuildFile; fileRef = F476DEEB1A7F752900B9501D /* SignUpViewController.m */; };
		F476DEEF1A7F753500B9501D /* LoginViewController.m in Sources */ = {isa = PBXBuildFile; fileRef = F476DEEE1A7F753500B9501D /* LoginViewController.m */; };
		F476DEF21A7F754200B9501D /* FacebookViewController.m in Sources */ = {isa = PBXBuildFile; fileRef = F476DEF11A7F754200B9501D /* FacebookViewController.m */; };
		F48FC20B1A88B47300F5DF2A /* CustomPlaceInformationCell.xib in Resources */ = {isa = PBXBuildFile; fileRef = F48FC20A1A88B47300F5DF2A /* CustomPlaceInformationCell.xib */; };
		F48FC20E1A88B49B00F5DF2A /* CustomPlaceDetailCell.m in Sources */ = {isa = PBXBuildFile; fileRef = F48FC20D1A88B49B00F5DF2A /* CustomPlaceDetailCell.m */; };
		F48FC2101A88B6B500F5DF2A /* CustomPlaceCollectionCell.xib in Resources */ = {isa = PBXBuildFile; fileRef = F48FC20F1A88B6B500F5DF2A /* CustomPlaceCollectionCell.xib */; };
		F48FC2121A88B83A00F5DF2A /* CustomPlaceDescriptionCell.xib in Resources */ = {isa = PBXBuildFile; fileRef = F48FC2111A88B83A00F5DF2A /* CustomPlaceDescriptionCell.xib */; };
		F48FC2141A88B84D00F5DF2A /* CustomPlaceMapCell.xib in Resources */ = {isa = PBXBuildFile; fileRef = F48FC2131A88B84D00F5DF2A /* CustomPlaceMapCell.xib */; };
		F48FC2161A88B85B00F5DF2A /* CustomPlaceCommentCell.xib in Resources */ = {isa = PBXBuildFile; fileRef = F48FC2151A88B85B00F5DF2A /* CustomPlaceCommentCell.xib */; };
		F4A024A51A8462C4005B701F /* SearchBarCell.xib in Resources */ = {isa = PBXBuildFile; fileRef = F4A024A41A8462C4005B701F /* SearchBarCell.xib */; };
		F4A024AD1A84B796005B701F /* place.png in Resources */ = {isa = PBXBuildFile; fileRef = F4A024AB1A84B796005B701F /* place.png */; };
		F4A024AE1A84B796005B701F /* place@2x.png in Resources */ = {isa = PBXBuildFile; fileRef = F4A024AC1A84B796005B701F /* place@2x.png */; };
		F4A024B11A84C440005B701F /* star.png in Resources */ = {isa = PBXBuildFile; fileRef = F4A024AF1A84C440005B701F /* star.png */; };
		F4A024B21A84C440005B701F /* star@2x.png in Resources */ = {isa = PBXBuildFile; fileRef = F4A024B01A84C440005B701F /* star@2x.png */; };
		F4B1340A1A7F623500132D3A /* main.m in Sources */ = {isa = PBXBuildFile; fileRef = F4B134091A7F623500132D3A /* main.m */; };
		F4B1340D1A7F623500132D3A /* AppDelegate.m in Sources */ = {isa = PBXBuildFile; fileRef = F4B1340C1A7F623500132D3A /* AppDelegate.m */; };
		F4B134101A7F623500132D3A /* Place_Note_Book.xcdatamodeld in Sources */ = {isa = PBXBuildFile; fileRef = F4B1340E1A7F623500132D3A /* Place_Note_Book.xcdatamodeld */; };
		F4B134131A7F623500132D3A /* IntroductionController.m in Sources */ = {isa = PBXBuildFile; fileRef = F4B134121A7F623500132D3A /* IntroductionController.m */; };
		F4B134161A7F623500132D3A /* Main.storyboard in Resources */ = {isa = PBXBuildFile; fileRef = F4B134141A7F623500132D3A /* Main.storyboard */; };
		F4B134181A7F623500132D3A /* Images.xcassets in Resources */ = {isa = PBXBuildFile; fileRef = F4B134171A7F623500132D3A /* Images.xcassets */; };
		F4B1341B1A7F623500132D3A /* LaunchScreen.xib in Resources */ = {isa = PBXBuildFile; fileRef = F4B134191A7F623500132D3A /* LaunchScreen.xib */; };
		F4B134271A7F623500132D3A /* Place_Note_BookTests.m in Sources */ = {isa = PBXBuildFile; fileRef = F4B134261A7F623500132D3A /* Place_Note_BookTests.m */; };
/* End PBXBuildFile section */

/* Begin PBXContainerItemProxy section */
		F4B134211A7F623500132D3A /* PBXContainerItemProxy */ = {
			isa = PBXContainerItemProxy;
			containerPortal = F4B133FC1A7F623400132D3A /* Project object */;
			proxyType = 1;
			remoteGlobalIDString = F4B134031A7F623400132D3A;
			remoteInfo = "Place Note Book";
		};
/* End PBXContainerItemProxy section */

/* Begin PBXFileReference section */
		F400E19A1A89B5AE00DFB51C /* ImageDownload.h */ = {isa = PBXFileReference; fileEncoding = 4; lastKnownFileType = sourcecode.c.h; path = ImageDownload.h; sourceTree = "<group>"; };
		F400E19B1A89B5AE00DFB51C /* ImageDownload.m */ = {isa = PBXFileReference; fileEncoding = 4; lastKnownFileType = sourcecode.c.objc; path = ImageDownload.m; sourceTree = "<group>"; };
		F400E19D1A89F59E00DFB51C /* MapKit.framework */ = {isa = PBXFileReference; lastKnownFileType = wrapper.framework; name = MapKit.framework; path = System/Library/Frameworks/MapKit.framework; sourceTree = SDKROOT; };
		F404E7811A82F64500C79F55 /* ValidateTextField.h */ = {isa = PBXFileReference; fileEncoding = 4; lastKnownFileType = sourcecode.c.h; path = ValidateTextField.h; sourceTree = "<group>"; };
		F404E7821A82F64500C79F55 /* ValidateTextField.m */ = {isa = PBXFileReference; fileEncoding = 4; lastKnownFileType = sourcecode.c.objc; path = ValidateTextField.m; sourceTree = "<group>"; };
		F404E7841A83427800C79F55 /* HomeViewController.h */ = {isa = PBXFileReference; fileEncoding = 4; lastKnownFileType = sourcecode.c.h; path = HomeViewController.h; sourceTree = "<group>"; };
		F404E7851A83427800C79F55 /* HomeViewController.m */ = {isa = PBXFileReference; fileEncoding = 4; lastKnownFileType = sourcecode.c.objc; path = HomeViewController.m; sourceTree = "<group>"; };
		F404E78E1A835CE600C79F55 /* CustomSearchBarCell.h */ = {isa = PBXFileReference; fileEncoding = 4; lastKnownFileType = sourcecode.c.h; path = CustomSearchBarCell.h; sourceTree = "<group>"; };
		F404E78F1A835CE600C79F55 /* CustomSearchBarCell.m */ = {isa = PBXFileReference; fileEncoding = 4; lastKnownFileType = sourcecode.c.objc; path = CustomSearchBarCell.m; sourceTree = "<group>"; };
		F404E7941A83605F00C79F55 /* ScheduleViewController.h */ = {isa = PBXFileReference; fileEncoding = 4; lastKnownFileType = sourcecode.c.h; path = ScheduleViewController.h; sourceTree = "<group>"; };
		F404E7951A83605F00C79F55 /* ScheduleViewController.m */ = {isa = PBXFileReference; fileEncoding = 4; lastKnownFileType = sourcecode.c.objc; path = ScheduleViewController.m; sourceTree = "<group>"; };
		F404E7971A83607800C79F55 /* PlaceListViewController.h */ = {isa = PBXFileReference; fileEncoding = 4; lastKnownFileType = sourcecode.c.h; path = PlaceListViewController.h; sourceTree = "<group>"; };
		F404E7981A83607800C79F55 /* PlaceListViewController.m */ = {isa = PBXFileReference; fileEncoding = 4; lastKnownFileType = sourcecode.c.objc; path = PlaceListViewController.m; sourceTree = "<group>"; };
		F404E79A1A83609900C79F55 /* AdvanceSearchViewController.h */ = {isa = PBXFileReference; fileEncoding = 4; lastKnownFileType = sourcecode.c.h; path = AdvanceSearchViewController.h; sourceTree = "<group>"; };
		F404E79B1A83609900C79F55 /* AdvanceSearchViewController.m */ = {isa = PBXFileReference; fileEncoding = 4; lastKnownFileType = sourcecode.c.objc; path = AdvanceSearchViewController.m; sourceTree = "<group>"; };
		F404E79D1A8360AC00C79F55 /* OptionViewController.h */ = {isa = PBXFileReference; fileEncoding = 4; lastKnownFileType = sourcecode.c.h; path = OptionViewController.h; sourceTree = "<group>"; };
		F404E79E1A8360AC00C79F55 /* OptionViewController.m */ = {isa = PBXFileReference; fileEncoding = 4; lastKnownFileType = sourcecode.c.objc; path = OptionViewController.m; sourceTree = "<group>"; };
		F40F9A691A885DF700E15761 /* CustomPlaceCell.h */ = {isa = PBXFileReference; fileEncoding = 4; lastKnownFileType = sourcecode.c.h; path = CustomPlaceCell.h; sourceTree = "<group>"; };
		F40F9A6A1A885DF700E15761 /* CustomPlaceCell.m */ = {isa = PBXFileReference; fileEncoding = 4; lastKnownFileType = sourcecode.c.objc; path = CustomPlaceCell.m; sourceTree = "<group>"; };
		F40F9A6B1A885DF700E15761 /* PlaceCell.xib */ = {isa = PBXFileReference; fileEncoding = 4; lastKnownFileType = file.xib; path = PlaceCell.xib; sourceTree = "<group>"; };
		F40F9A6E1A885E6F00E15761 /* PlaceDetailViewController.h */ = {isa = PBXFileReference; fileEncoding = 4; lastKnownFileType = sourcecode.c.h; path = PlaceDetailViewController.h; sourceTree = "<group>"; };
		F40F9A6F1A885E6F00E15761 /* PlaceDetailViewController.m */ = {isa = PBXFileReference; fileEncoding = 4; lastKnownFileType = sourcecode.c.objc; path = PlaceDetailViewController.m; sourceTree = "<group>"; };
		F41B243C1A82106A00068E92 /* CustomInputAccessoryView.h */ = {isa = PBXFileReference; fileEncoding = 4; lastKnownFileType = sourcecode.c.h; path = CustomInputAccessoryView.h; sourceTree = "<group>"; };
		F41B243D1A82106A00068E92 /* CustomInputAccessoryView.m */ = {isa = PBXFileReference; fileEncoding = 4; lastKnownFileType = sourcecode.c.objc; path = CustomInputAccessoryView.m; sourceTree = "<group>"; };
		F41B243F1A82107600068E92 /* CustomInputAccessoryView.xib */ = {isa = PBXFileReference; fileEncoding = 4; lastKnownFileType = file.xib; path = CustomInputAccessoryView.xib; sourceTree = "<group>"; };
		F476DEEA1A7F752900B9501D /* SignUpViewController.h */ = {isa = PBXFileReference; fileEncoding = 4; lastKnownFileType = sourcecode.c.h; path = SignUpViewController.h; sourceTree = "<group>"; };
		F476DEEB1A7F752900B9501D /* SignUpViewController.m */ = {isa = PBXFileReference; fileEncoding = 4; lastKnownFileType = sourcecode.c.objc; path = SignUpViewController.m; sourceTree = "<group>"; };
		F476DEED1A7F753500B9501D /* LoginViewController.h */ = {isa = PBXFileReference; fileEncoding = 4; lastKnownFileType = sourcecode.c.h; path = LoginViewController.h; sourceTree = "<group>"; };
		F476DEEE1A7F753500B9501D /* LoginViewController.m */ = {isa = PBXFileReference; fileEncoding = 4; lastKnownFileType = sourcecode.c.objc; path = LoginViewController.m; sourceTree = "<group>"; };
		F476DEF01A7F754200B9501D /* FacebookViewController.h */ = {isa = PBXFileReference; fileEncoding = 4; lastKnownFileType = sourcecode.c.h; path = FacebookViewController.h; sourceTree = "<group>"; };
		F476DEF11A7F754200B9501D /* FacebookViewController.m */ = {isa = PBXFileReference; fileEncoding = 4; lastKnownFileType = sourcecode.c.objc; path = FacebookViewController.m; sourceTree = "<group>"; };
		F48FC20A1A88B47300F5DF2A /* CustomPlaceInformationCell.xib */ = {isa = PBXFileReference; fileEncoding = 4; lastKnownFileType = file.xib; path = CustomPlaceInformationCell.xib; sourceTree = "<group>"; };
		F48FC20C1A88B49B00F5DF2A /* CustomPlaceDetailCell.h */ = {isa = PBXFileReference; fileEncoding = 4; lastKnownFileType = sourcecode.c.h; path = CustomPlaceDetailCell.h; sourceTree = "<group>"; };
		F48FC20D1A88B49B00F5DF2A /* CustomPlaceDetailCell.m */ = {isa = PBXFileReference; fileEncoding = 4; lastKnownFileType = sourcecode.c.objc; path = CustomPlaceDetailCell.m; sourceTree = "<group>"; };
		F48FC20F1A88B6B500F5DF2A /* CustomPlaceCollectionCell.xib */ = {isa = PBXFileReference; fileEncoding = 4; lastKnownFileType = file.xib; path = CustomPlaceCollectionCell.xib; sourceTree = "<group>"; };
		F48FC2111A88B83A00F5DF2A /* CustomPlaceDescriptionCell.xib */ = {isa = PBXFileReference; fileEncoding = 4; lastKnownFileType = file.xib; path = CustomPlaceDescriptionCell.xib; sourceTree = "<group>"; };
		F48FC2131A88B84D00F5DF2A /* CustomPlaceMapCell.xib */ = {isa = PBXFileReference; fileEncoding = 4; lastKnownFileType = file.xib; path = CustomPlaceMapCell.xib; sourceTree = "<group>"; };
		F48FC2151A88B85B00F5DF2A /* CustomPlaceCommentCell.xib */ = {isa = PBXFileReference; fileEncoding = 4; lastKnownFileType = file.xib; path = CustomPlaceCommentCell.xib; sourceTree = "<group>"; };
		F4A024A41A8462C4005B701F /* SearchBarCell.xib */ = {isa = PBXFileReference; fileEncoding = 4; lastKnownFileType = file.xib; path = SearchBarCell.xib; sourceTree = "<group>"; };
		F4A024AB1A84B796005B701F /* place.png */ = {isa = PBXFileReference; lastKnownFileType = image.png; path = place.png; sourceTree = "<group>"; };
		F4A024AC1A84B796005B701F /* place@2x.png */ = {isa = PBXFileReference; lastKnownFileType = image.png; path = "place@2x.png"; sourceTree = "<group>"; };
		F4A024AF1A84C440005B701F /* star.png */ = {isa = PBXFileReference; lastKnownFileType = image.png; path = star.png; sourceTree = "<group>"; };
		F4A024B01A84C440005B701F /* star@2x.png */ = {isa = PBXFileReference; lastKnownFileType = image.png; path = "star@2x.png"; sourceTree = "<group>"; };
		F4B134041A7F623500132D3A /* Place Note Book.app */ = {isa = PBXFileReference; explicitFileType = wrapper.application; includeInIndex = 0; path = "Place Note Book.app"; sourceTree = BUILT_PRODUCTS_DIR; };
		F4B134081A7F623500132D3A /* Info.plist */ = {isa = PBXFileReference; lastKnownFileType = text.plist.xml; path = Info.plist; sourceTree = "<group>"; };
		F4B134091A7F623500132D3A /* main.m */ = {isa = PBXFileReference; lastKnownFileType = sourcecode.c.objc; path = main.m; sourceTree = "<group>"; };
		F4B1340B1A7F623500132D3A /* AppDelegate.h */ = {isa = PBXFileReference; lastKnownFileType = sourcecode.c.h; path = AppDelegate.h; sourceTree = "<group>"; };
		F4B1340C1A7F623500132D3A /* AppDelegate.m */ = {isa = PBXFileReference; lastKnownFileType = sourcecode.c.objc; path = AppDelegate.m; sourceTree = "<group>"; };
		F4B1340F1A7F623500132D3A /* Place_Note_Book.xcdatamodel */ = {isa = PBXFileReference; lastKnownFileType = wrapper.xcdatamodel; path = Place_Note_Book.xcdatamodel; sourceTree = "<group>"; };
		F4B134111A7F623500132D3A /* IntroductionController.h */ = {isa = PBXFileReference; lastKnownFileType = sourcecode.c.h; path = IntroductionController.h; sourceTree = "<group>"; };
		F4B134121A7F623500132D3A /* IntroductionController.m */ = {isa = PBXFileReference; lastKnownFileType = sourcecode.c.objc; path = IntroductionController.m; sourceTree = "<group>"; };
		F4B134151A7F623500132D3A /* Base */ = {isa = PBXFileReference; lastKnownFileType = file.storyboard; name = Base; path = Base.lproj/Main.storyboard; sourceTree = "<group>"; };
		F4B134171A7F623500132D3A /* Images.xcassets */ = {isa = PBXFileReference; lastKnownFileType = folder.assetcatalog; path = Images.xcassets; sourceTree = "<group>"; };
		F4B1341A1A7F623500132D3A /* Base */ = {isa = PBXFileReference; lastKnownFileType = file.xib; name = Base; path = Base.lproj/LaunchScreen.xib; sourceTree = "<group>"; };
		F4B134201A7F623500132D3A /* Place Note BookTests.xctest */ = {isa = PBXFileReference; explicitFileType = wrapper.cfbundle; includeInIndex = 0; path = "Place Note BookTests.xctest"; sourceTree = BUILT_PRODUCTS_DIR; };
		F4B134251A7F623500132D3A /* Info.plist */ = {isa = PBXFileReference; lastKnownFileType = text.plist.xml; path = Info.plist; sourceTree = "<group>"; };
		F4B134261A7F623500132D3A /* Place_Note_BookTests.m */ = {isa = PBXFileReference; lastKnownFileType = sourcecode.c.objc; path = Place_Note_BookTests.m; sourceTree = "<group>"; };
/* End PBXFileReference section */

/* Begin PBXFrameworksBuildPhase section */
		F4B134011A7F623400132D3A /* Frameworks */ = {
			isa = PBXFrameworksBuildPhase;
			buildActionMask = 2147483647;
			files = (
				F400E19E1A89F59E00DFB51C /* MapKit.framework in Frameworks */,
			);
			runOnlyForDeploymentPostprocessing = 0;
		};
		F4B1341D1A7F623500132D3A /* Frameworks */ = {
			isa = PBXFrameworksBuildPhase;
			buildActionMask = 2147483647;
			files = (
			);
			runOnlyForDeploymentPostprocessing = 0;
		};
/* End PBXFrameworksBuildPhase section */

/* Begin PBXGroup section */
		F40F9A741A88616700E15761 /* data */ = {
			isa = PBXGroup;
			children = (
				F400E19A1A89B5AE00DFB51C /* ImageDownload.h */,
				F400E19B1A89B5AE00DFB51C /* ImageDownload.m */,
			);
			name = data;
			sourceTree = "<group>";
		};
		F41B24311A81EB7600068E92 /* custom */ = {
			isa = PBXGroup;
			children = (
				F404E7811A82F64500C79F55 /* ValidateTextField.h */,
				F404E7821A82F64500C79F55 /* ValidateTextField.m */,
				F4A024A91A8466B7005B701F /* inputaccessory */,
				F4A024A81A8466AF005B701F /* place */,
				F4A024A71A846689005B701F /* searchbar */,
			);
			name = custom;
			sourceTree = "<group>";
		};
		F43038D71A807C3C00302D62 /* network */ = {
			isa = PBXGroup;
			children = (
			);
			name = network;
			sourceTree = "<group>";
		};
		F476DEF31A7F754600B9501D /* controller */ = {
			isa = PBXGroup;
			children = (
				F476DEEA1A7F752900B9501D /* SignUpViewController.h */,
				F476DEEB1A7F752900B9501D /* SignUpViewController.m */,
				F476DEED1A7F753500B9501D /* LoginViewController.h */,
				F476DEEE1A7F753500B9501D /* LoginViewController.m */,
				F476DEF01A7F754200B9501D /* FacebookViewController.h */,
				F476DEF11A7F754200B9501D /* FacebookViewController.m */,
				F4A024A61A84655D005B701F /* home */,
			);
			name = controller;
			sourceTree = "<group>";
		};
		F4A024A61A84655D005B701F /* home */ = {
			isa = PBXGroup;
			children = (
				F404E7941A83605F00C79F55 /* ScheduleViewController.h */,
				F404E7951A83605F00C79F55 /* ScheduleViewController.m */,
				F404E7971A83607800C79F55 /* PlaceListViewController.h */,
				F404E7981A83607800C79F55 /* PlaceListViewController.m */,
				F404E7841A83427800C79F55 /* HomeViewController.h */,
				F404E7851A83427800C79F55 /* HomeViewController.m */,
				F40F9A6E1A885E6F00E15761 /* PlaceDetailViewController.h */,
				F40F9A6F1A885E6F00E15761 /* PlaceDetailViewController.m */,
				F404E79A1A83609900C79F55 /* AdvanceSearchViewController.h */,
				F404E79B1A83609900C79F55 /* AdvanceSearchViewController.m */,
				F404E79D1A8360AC00C79F55 /* OptionViewController.h */,
				F404E79E1A8360AC00C79F55 /* OptionViewController.m */,
			);
			name = home;
			sourceTree = "<group>";
		};
		F4A024A71A846689005B701F /* searchbar */ = {
			isa = PBXGroup;
			children = (
				F404E78E1A835CE600C79F55 /* CustomSearchBarCell.h */,
				F404E78F1A835CE600C79F55 /* CustomSearchBarCell.m */,
				F4A024A41A8462C4005B701F /* SearchBarCell.xib */,
			);
			name = searchbar;
			sourceTree = "<group>";
		};
		F4A024A81A8466AF005B701F /* place */ = {
			isa = PBXGroup;
			children = (
				F40F9A691A885DF700E15761 /* CustomPlaceCell.h */,
				F40F9A6A1A885DF700E15761 /* CustomPlaceCell.m */,
				F40F9A6B1A885DF700E15761 /* PlaceCell.xib */,
				F48FC20C1A88B49B00F5DF2A /* CustomPlaceDetailCell.h */,
				F48FC20D1A88B49B00F5DF2A /* CustomPlaceDetailCell.m */,
				F48FC20A1A88B47300F5DF2A /* CustomPlaceInformationCell.xib */,
				F48FC20F1A88B6B500F5DF2A /* CustomPlaceCollectionCell.xib */,
				F48FC2111A88B83A00F5DF2A /* CustomPlaceDescriptionCell.xib */,
				F48FC2131A88B84D00F5DF2A /* CustomPlaceMapCell.xib */,
				F48FC2151A88B85B00F5DF2A /* CustomPlaceCommentCell.xib */,
			);
			name = place;
			sourceTree = "<group>";
		};
		F4A024A91A8466B7005B701F /* inputaccessory */ = {
			isa = PBXGroup;
			children = (
				F41B243C1A82106A00068E92 /* CustomInputAccessoryView.h */,
				F41B243D1A82106A00068E92 /* CustomInputAccessoryView.m */,
				F41B243F1A82107600068E92 /* CustomInputAccessoryView.xib */,
			);
			name = inputaccessory;
			sourceTree = "<group>";
		};
		F4A024AA1A84B722005B701F /* icon */ = {
			isa = PBXGroup;
			children = (
				F4A024AF1A84C440005B701F /* star.png */,
				F4A024B01A84C440005B701F /* star@2x.png */,
				F4A024AB1A84B796005B701F /* place.png */,
				F4A024AC1A84B796005B701F /* place@2x.png */,
			);
			name = icon;
			sourceTree = "<group>";
		};
		F4B133FB1A7F623400132D3A = {
			isa = PBXGroup;
			children = (
				F400E19D1A89F59E00DFB51C /* MapKit.framework */,
				F4B134061A7F623500132D3A /* Place Note Book */,
				F4B134231A7F623500132D3A /* Place Note BookTests */,
				F4B134051A7F623500132D3A /* Products */,
			);
			sourceTree = "<group>";
		};
		F4B134051A7F623500132D3A /* Products */ = {
			isa = PBXGroup;
			children = (
				F4B134041A7F623500132D3A /* Place Note Book.app */,
				F4B134201A7F623500132D3A /* Place Note BookTests.xctest */,
			);
			name = Products;
			sourceTree = "<group>";
		};
		F4B134061A7F623500132D3A /* Place Note Book */ = {
			isa = PBXGroup;
			children = (
				F4B1340B1A7F623500132D3A /* AppDelegate.h */,
				F4B1340C1A7F623500132D3A /* AppDelegate.m */,
				F4B134111A7F623500132D3A /* IntroductionController.h */,
				F4B134121A7F623500132D3A /* IntroductionController.m */,
				F40F9A741A88616700E15761 /* data */,
				F476DEF31A7F754600B9501D /* controller */,
				F43038D71A807C3C00302D62 /* network */,
				F41B24311A81EB7600068E92 /* custom */,
				F4A024AA1A84B722005B701F /* icon */,
				F4B134141A7F623500132D3A /* Main.storyboard */,
				F4B134171A7F623500132D3A /* Images.xcassets */,
				F4B134191A7F623500132D3A /* LaunchScreen.xib */,
				F4B1340E1A7F623500132D3A /* Place_Note_Book.xcdatamodeld */,
				F4B134071A7F623500132D3A /* Supporting Files */,
			);
			path = "Place Note Book";
			sourceTree = "<group>";
		};
		F4B134071A7F623500132D3A /* Supporting Files */ = {
			isa = PBXGroup;
			children = (
				F4B134081A7F623500132D3A /* Info.plist */,
				F4B134091A7F623500132D3A /* main.m */,
			);
			name = "Supporting Files";
			sourceTree = "<group>";
		};
		F4B134231A7F623500132D3A /* Place Note BookTests */ = {
			isa = PBXGroup;
			children = (
				F4B134261A7F623500132D3A /* Place_Note_BookTests.m */,
				F4B134241A7F623500132D3A /* Supporting Files */,
			);
			path = "Place Note BookTests";
			sourceTree = "<group>";
		};
		F4B134241A7F623500132D3A /* Supporting Files */ = {
			isa = PBXGroup;
			children = (
				F4B134251A7F623500132D3A /* Info.plist */,
			);
			name = "Supporting Files";
			sourceTree = "<group>";
		};
/* End PBXGroup section */

/* Begin PBXNativeTarget section */
		F4B134031A7F623400132D3A /* Place Note Book */ = {
			isa = PBXNativeTarget;
			buildConfigurationList = F4B1342A1A7F623500132D3A /* Build configuration list for PBXNativeTarget "Place Note Book" */;
			buildPhases = (
				F4B134001A7F623400132D3A /* Sources */,
				F4B134011A7F623400132D3A /* Frameworks */,
				F4B134021A7F623400132D3A /* Resources */,
			);
			buildRules = (
			);
			dependencies = (
			);
			name = "Place Note Book";
			productName = "Place Note Book";
			productReference = F4B134041A7F623500132D3A /* Place Note Book.app */;
			productType = "com.apple.product-type.application";
		};
		F4B1341F1A7F623500132D3A /* Place Note BookTests */ = {
			isa = PBXNativeTarget;
			buildConfigurationList = F4B1342D1A7F623500132D3A /* Build configuration list for PBXNativeTarget "Place Note BookTests" */;
			buildPhases = (
				F4B1341C1A7F623500132D3A /* Sources */,
				F4B1341D1A7F623500132D3A /* Frameworks */,
				F4B1341E1A7F623500132D3A /* Resources */,
			);
			buildRules = (
			);
			dependencies = (
				F4B134221A7F623500132D3A /* PBXTargetDependency */,
			);
			name = "Place Note BookTests";
			productName = "Place Note BookTests";
			productReference = F4B134201A7F623500132D3A /* Place Note BookTests.xctest */;
			productType = "com.apple.product-type.bundle.unit-test";
		};
/* End PBXNativeTarget section */

/* Begin PBXProject section */
		F4B133FC1A7F623400132D3A /* Project object */ = {
			isa = PBXProject;
			attributes = {
				LastUpgradeCheck = 0610;
				ORGANIZATIONNAME = framgiavn;
				TargetAttributes = {
					F4B134031A7F623400132D3A = {
						CreatedOnToolsVersion = 6.1.1;
					};
					F4B1341F1A7F623500132D3A = {
						CreatedOnToolsVersion = 6.1.1;
						TestTargetID = F4B134031A7F623400132D3A;
					};
				};
			};
			buildConfigurationList = F4B133FF1A7F623400132D3A /* Build configuration list for PBXProject "Place Note Book" */;
			compatibilityVersion = "Xcode 3.2";
			developmentRegion = English;
			hasScannedForEncodings = 0;
			knownRegions = (
				en,
				Base,
			);
			mainGroup = F4B133FB1A7F623400132D3A;
			productRefGroup = F4B134051A7F623500132D3A /* Products */;
			projectDirPath = "";
			projectRoot = "";
			targets = (
				F4B134031A7F623400132D3A /* Place Note Book */,
				F4B1341F1A7F623500132D3A /* Place Note BookTests */,
			);
		};
/* End PBXProject section */

/* Begin PBXResourcesBuildPhase section */
		F4B134021A7F623400132D3A /* Resources */ = {
			isa = PBXResourcesBuildPhase;
			buildActionMask = 2147483647;
			files = (
				F4B134161A7F623500132D3A /* Main.storyboard in Resources */,
				F48FC2141A88B84D00F5DF2A /* CustomPlaceMapCell.xib in Resources */,
				F48FC2161A88B85B00F5DF2A /* CustomPlaceCommentCell.xib in Resources */,
				F48FC20B1A88B47300F5DF2A /* CustomPlaceInformationCell.xib in Resources */,
				F4A024AD1A84B796005B701F /* place.png in Resources */,
				F4A024B11A84C440005B701F /* star.png in Resources */,
				F40F9A6D1A885DF700E15761 /* PlaceCell.xib in Resources */,
				F4B1341B1A7F623500132D3A /* LaunchScreen.xib in Resources */,
				F48FC2101A88B6B500F5DF2A /* CustomPlaceCollectionCell.xib in Resources */,
				F4B134181A7F623500132D3A /* Images.xcassets in Resources */,
				F48FC2121A88B83A00F5DF2A /* CustomPlaceDescriptionCell.xib in Resources */,
				F4A024B21A84C440005B701F /* star@2x.png in Resources */,
				F41B24401A82107600068E92 /* CustomInputAccessoryView.xib in Resources */,
				F4A024AE1A84B796005B701F /* place@2x.png in Resources */,
				F4A024A51A8462C4005B701F /* SearchBarCell.xib in Resources */,
			);
			runOnlyForDeploymentPostprocessing = 0;
		};
		F4B1341E1A7F623500132D3A /* Resources */ = {
			isa = PBXResourcesBuildPhase;
			buildActionMask = 2147483647;
			files = (
			);
			runOnlyForDeploymentPostprocessing = 0;
		};
/* End PBXResourcesBuildPhase section */

/* Begin PBXSourcesBuildPhase section */
		F4B134001A7F623400132D3A /* Sources */ = {
			isa = PBXSourcesBuildPhase;
			buildActionMask = 2147483647;
			files = (
				F41B243E1A82106A00068E92 /* CustomInputAccessoryView.m in Sources */,
				F4B1340D1A7F623500132D3A /* AppDelegate.m in Sources */,
				F476DEEC1A7F752900B9501D /* SignUpViewController.m in Sources */,
				F48FC20E1A88B49B00F5DF2A /* CustomPlaceDetailCell.m in Sources */,
				F400E19C1A89B5AE00DFB51C /* ImageDownload.m in Sources */,
				F404E7861A83427800C79F55 /* HomeViewController.m in Sources */,
				F476DEF21A7F754200B9501D /* FacebookViewController.m in Sources */,
				F476DEEF1A7F753500B9501D /* LoginViewController.m in Sources */,
				F404E7961A83605F00C79F55 /* ScheduleViewController.m in Sources */,
				F40F9A701A885E6F00E15761 /* PlaceDetailViewController.m in Sources */,
				F404E79C1A83609900C79F55 /* AdvanceSearchViewController.m in Sources */,
				F4B134101A7F623500132D3A /* Place_Note_Book.xcdatamodeld in Sources */,
				F404E79F1A8360AC00C79F55 /* OptionViewController.m in Sources */,
				F4B134131A7F623500132D3A /* IntroductionController.m in Sources */,
				F4B1340A1A7F623500132D3A /* main.m in Sources */,
				F40F9A6C1A885DF700E15761 /* CustomPlaceCell.m in Sources */,
				F404E7901A835CE600C79F55 /* CustomSearchBarCell.m in Sources */,
				F404E7991A83607800C79F55 /* PlaceListViewController.m in Sources */,
				F404E7831A82F64500C79F55 /* ValidateTextField.m in Sources */,
			);
			runOnlyForDeploymentPostprocessing = 0;
		};
		F4B1341C1A7F623500132D3A /* Sources */ = {
			isa = PBXSourcesBuildPhase;
			buildActionMask = 2147483647;
			files = (
				F4B134271A7F623500132D3A /* Place_Note_BookTests.m in Sources */,
			);
			runOnlyForDeploymentPostprocessing = 0;
		};
/* End PBXSourcesBuildPhase section */

/* Begin PBXTargetDependency section */
		F4B134221A7F623500132D3A /* PBXTargetDependency */ = {
			isa = PBXTargetDependency;
			target = F4B134031A7F623400132D3A /* Place Note Book */;
			targetProxy = F4B134211A7F623500132D3A /* PBXContainerItemProxy */;
		};
/* End PBXTargetDependency section */

/* Begin PBXVariantGroup section */
		F4B134141A7F623500132D3A /* Main.storyboard */ = {
			isa = PBXVariantGroup;
			children = (
				F4B134151A7F623500132D3A /* Base */,
			);
			name = Main.storyboard;
			sourceTree = "<group>";
		};
		F4B134191A7F623500132D3A /* LaunchScreen.xib */ = {
			isa = PBXVariantGroup;
			children = (
				F4B1341A1A7F623500132D3A /* Base */,
			);
			name = LaunchScreen.xib;
			sourceTree = "<group>";
		};
/* End PBXVariantGroup section */

/* Begin XCBuildConfiguration section */
		F4B134281A7F623500132D3A /* Debug */ = {
			isa = XCBuildConfiguration;
			buildSettings = {
				ALWAYS_SEARCH_USER_PATHS = NO;
				CLANG_CXX_LANGUAGE_STANDARD = "gnu++0x";
				CLANG_CXX_LIBRARY = "libc++";
				CLANG_ENABLE_MODULES = YES;
				CLANG_ENABLE_OBJC_ARC = YES;
				CLANG_WARN_BOOL_CONVERSION = YES;
				CLANG_WARN_CONSTANT_CONVERSION = YES;
				CLANG_WARN_DIRECT_OBJC_ISA_USAGE = YES_ERROR;
				CLANG_WARN_EMPTY_BODY = YES;
				CLANG_WARN_ENUM_CONVERSION = YES;
				CLANG_WARN_INT_CONVERSION = YES;
				CLANG_WARN_OBJC_ROOT_CLASS = YES_ERROR;
				CLANG_WARN_UNREACHABLE_CODE = YES;
				CLANG_WARN__DUPLICATE_METHOD_MATCH = YES;
				"CODE_SIGN_IDENTITY[sdk=iphoneos*]" = "iPhone Developer";
				COPY_PHASE_STRIP = NO;
				ENABLE_STRICT_OBJC_MSGSEND = YES;
				GCC_C_LANGUAGE_STANDARD = gnu99;
				GCC_DYNAMIC_NO_PIC = NO;
				GCC_OPTIMIZATION_LEVEL = 0;
				GCC_PREPROCESSOR_DEFINITIONS = (
					"DEBUG=1",
					"$(inherited)",
				);
				GCC_SYMBOLS_PRIVATE_EXTERN = NO;
				GCC_WARN_64_TO_32_BIT_CONVERSION = YES;
				GCC_WARN_ABOUT_RETURN_TYPE = YES_ERROR;
				GCC_WARN_UNDECLARED_SELECTOR = YES;
				GCC_WARN_UNINITIALIZED_AUTOS = YES_AGGRESSIVE;
				GCC_WARN_UNUSED_FUNCTION = YES;
				GCC_WARN_UNUSED_VARIABLE = YES;
				IPHONEOS_DEPLOYMENT_TARGET = 8.1;
				MTL_ENABLE_DEBUG_INFO = YES;
				ONLY_ACTIVE_ARCH = YES;
				SDKROOT = iphoneos;
			};
			name = Debug;
		};
		F4B134291A7F623500132D3A /* Release */ = {
			isa = XCBuildConfiguration;
			buildSettings = {
				ALWAYS_SEARCH_USER_PATHS = NO;
				CLANG_CXX_LANGUAGE_STANDARD = "gnu++0x";
				CLANG_CXX_LIBRARY = "libc++";
				CLANG_ENABLE_MODULES = YES;
				CLANG_ENABLE_OBJC_ARC = YES;
				CLANG_WARN_BOOL_CONVERSION = YES;
				CLANG_WARN_CONSTANT_CONVERSION = YES;
				CLANG_WARN_DIRECT_OBJC_ISA_USAGE = YES_ERROR;
				CLANG_WARN_EMPTY_BODY = YES;
				CLANG_WARN_ENUM_CONVERSION = YES;
				CLANG_WARN_INT_CONVERSION = YES;
				CLANG_WARN_OBJC_ROOT_CLASS = YES_ERROR;
				CLANG_WARN_UNREACHABLE_CODE = YES;
				CLANG_WARN__DUPLICATE_METHOD_MATCH = YES;
				"CODE_SIGN_IDENTITY[sdk=iphoneos*]" = "iPhone Developer";
				COPY_PHASE_STRIP = YES;
				ENABLE_NS_ASSERTIONS = NO;
				ENABLE_STRICT_OBJC_MSGSEND = YES;
				GCC_C_LANGUAGE_STANDARD = gnu99;
				GCC_WARN_64_TO_32_BIT_CONVERSION = YES;
				GCC_WARN_ABOUT_RETURN_TYPE = YES_ERROR;
				GCC_WARN_UNDECLARED_SELECTOR = YES;
				GCC_WARN_UNINITIALIZED_AUTOS = YES_AGGRESSIVE;
				GCC_WARN_UNUSED_FUNCTION = YES;
				GCC_WARN_UNUSED_VARIABLE = YES;
				IPHONEOS_DEPLOYMENT_TARGET = 8.1;
				MTL_ENABLE_DEBUG_INFO = NO;
				SDKROOT = iphoneos;
				VALIDATE_PRODUCT = YES;
			};
			name = Release;
		};
		F4B1342B1A7F623500132D3A /* Debug */ = {
			isa = XCBuildConfiguration;
			buildSettings = {
				ASSETCATALOG_COMPILER_APPICON_NAME = AppIcon;
				INFOPLIST_FILE = "Place Note Book/Info.plist";
				LD_RUNPATH_SEARCH_PATHS = "$(inherited) @executable_path/Frameworks";
				PRODUCT_NAME = "$(TARGET_NAME)";
			};
			name = Debug;
		};
		F4B1342C1A7F623500132D3A /* Release */ = {
			isa = XCBuildConfiguration;
			buildSettings = {
				ASSETCATALOG_COMPILER_APPICON_NAME = AppIcon;
				INFOPLIST_FILE = "Place Note Book/Info.plist";
				LD_RUNPATH_SEARCH_PATHS = "$(inherited) @executable_path/Frameworks";
				PRODUCT_NAME = "$(TARGET_NAME)";
			};
			name = Release;
		};
		F4B1342E1A7F623500132D3A /* Debug */ = {
			isa = XCBuildConfiguration;
			buildSettings = {
				BUNDLE_LOADER = "$(TEST_HOST)";
				FRAMEWORK_SEARCH_PATHS = (
					"$(SDKROOT)/Developer/Library/Frameworks",
					"$(inherited)",
				);
				GCC_PREPROCESSOR_DEFINITIONS = (
					"DEBUG=1",
					"$(inherited)",
				);
				INFOPLIST_FILE = "Place Note BookTests/Info.plist";
				LD_RUNPATH_SEARCH_PATHS = "$(inherited) @executable_path/Frameworks @loader_path/Frameworks";
				PRODUCT_NAME = "$(TARGET_NAME)";
				TEST_HOST = "$(BUILT_PRODUCTS_DIR)/Place Note Book.app/Place Note Book";
			};
			name = Debug;
		};
		F4B1342F1A7F623500132D3A /* Release */ = {
			isa = XCBuildConfiguration;
			buildSettings = {
				BUNDLE_LOADER = "$(TEST_HOST)";
				FRAMEWORK_SEARCH_PATHS = (
					"$(SDKROOT)/Developer/Library/Frameworks",
					"$(inherited)",
				);
				INFOPLIST_FILE = "Place Note BookTests/Info.plist";
				LD_RUNPATH_SEARCH_PATHS = "$(inherited) @executable_path/Frameworks @loader_path/Frameworks";
				PRODUCT_NAME = "$(TARGET_NAME)";
				TEST_HOST = "$(BUILT_PRODUCTS_DIR)/Place Note Book.app/Place Note Book";
			};
			name = Release;
		};
/* End XCBuildConfiguration section */

/* Begin XCConfigurationList section */
		F4B133FF1A7F623400132D3A /* Build configuration list for PBXProject "Place Note Book" */ = {
			isa = XCConfigurationList;
			buildConfigurations = (
				F4B134281A7F623500132D3A /* Debug */,
				F4B134291A7F623500132D3A /* Release */,
			);
			defaultConfigurationIsVisible = 0;
			defaultConfigurationName = Release;
		};
		F4B1342A1A7F623500132D3A /* Build configuration list for PBXNativeTarget "Place Note Book" */ = {
			isa = XCConfigurationList;
			buildConfigurations = (
				F4B1342B1A7F623500132D3A /* Debug */,
				F4B1342C1A7F623500132D3A /* Release */,
			);
			defaultConfigurationIsVisible = 0;
			defaultConfigurationName = Release;
		};
		F4B1342D1A7F623500132D3A /* Build configuration list for PBXNativeTarget "Place Note BookTests" */ = {
			isa = XCConfigurationList;
			buildConfigurations = (
				F4B1342E1A7F623500132D3A /* Debug */,
				F4B1342F1A7F623500132D3A /* Release */,
			);
			defaultConfigurationIsVisible = 0;
			defaultConfigurationName = Release;
		};
/* End XCConfigurationList section */

/* Begin XCVersionGroup section */
		F4B1340E1A7F623500132D3A /* Place_Note_Book.xcdatamodeld */ = {
			isa = XCVersionGroup;
			children = (
				F4B1340F1A7F623500132D3A /* Place_Note_Book.xcdatamodel */,
			);
			currentVersion = F4B1340F1A7F623500132D3A /* Place_Note_Book.xcdatamodel */;
			path = Place_Note_Book.xcdatamodeld;
			sourceTree = "<group>";
			versionGroupType = wrapper.xcdatamodel;
		};
/* End XCVersionGroup section */
	};
	rootObject = F4B133FC1A7F623400132D3A /* Project object */;
}
